# THIS IS AN AUTOGENERATED FILE. DO NOT EDIT THIS FILE DIRECTLY.
# yarn lockfile v1


"@glennsl/bs-json@^5.0.1":
  version "5.0.1"
  resolved "https://registry.yarnpkg.com/@glennsl/bs-json/-/bs-json-5.0.1.tgz#b19d0b45f4a80d52e6bfefa032ac99f4548f3083"
  integrity sha512-tDxqeO4LCUz3HIwsdqyM4OIUk/bIV8QwDuhNbqy3hHIVEciePbJXTSyXMKsoIFs3ukQY8ZsQXskONtOK4TyLfA==

bs-json@^1.0.1:
  version "1.0.1"
  resolved "https://registry.yarnpkg.com/bs-json/-/bs-json-1.0.1.tgz#0e25ed5ba7164ab131e494669b755da9844cc37e"
  integrity sha512-0KaYGnn3CJnXwVnEWyTv9yejF991I2O118olKA4APPW8lxVt737Wu4M+UWU+GK8jjEDVb768lM/CdplvBmyy8g==

bs-platform@^7.0.1:
  version "7.0.1"
  resolved "https://registry.yarnpkg.com/bs-platform/-/bs-platform-7.0.1.tgz#1d7b0ef6088b998dceee5db74a7cd8f01c20a3bd"
  integrity sha512-UjStdtHhbtC/l6vKJ1XRDqrPk7rFf5PLYHtRX3akDXEYVnTbN36z0g4DEr5mU8S0N945e33HYts9x+i7hKKpZQ==
